
Microsoft Visual Studio Solution File, Format Version 12.00
# Visual Studio Version 17
VisualStudioVersion = 17.3.32804.467
MinimumVisualStudioVersion = 10.0.40219.1
Project("{FAE04EC0-301F-11D3-BF4B-00C04F79EFBC}") = "GoGitaLabelAndReportGeneration", "GoGitaLabelAndReportGeneration\GoGitaLabelAndReportGeneration.csproj", "{D3983FB4-4B98-4F73-9E15-CCD7E2729770}"
EndProject
Project("{FAE04EC0-301F-11D3-BF4B-00C04F79EFBC}") = "GoGitaReportsApp", "GoGitaReportsApp\GoGitaReportsApp.csproj", "{1A9352E6-477F-4527-90CE-01FD6A2FD352}"
EndProject
Global
	GlobalSection(SolutionConfigurationPlatforms) = preSolution
		Debug|Any CPU = Debug|Any CPU
		Release|Any CPU = Release|Any CPU
	EndGlobalSection
	GlobalSection(ProjectConfigurationPlatforms) = postSolution
		{D3983FB4-4B98-4F73-9E15-CCD7E2729770}.Debug|Any CPU.ActiveCfg = Debug|Any CPU
		{D3983FB4-4B98-4F73-9E15-CCD7E2729770}.Debug|Any CPU.Build.0 = Debug|Any CPU
		{D3983FB4-4B98-4F73-9E15-CCD7E2729770}.Release|Any CPU.ActiveCfg = Release|Any CPU
		{D3983FB4-4B98-4F73-9E15-CCD7E2729770}.Release|Any CPU.Build.0 = Release|Any CPU
		{1A9352E6-477F-4527-90CE-01FD6A2FD352}.Debug|Any CPU.ActiveCfg = Debug|Any CPU
		{1A9352E6-477F-4527-90CE-01FD6A2FD352}.Debug|Any CPU.Build.0 = Debug|Any CPU
		{1A9352E6-477F-4527-90CE-01FD6A2FD352}.Release|Any CPU.ActiveCfg = Release|Any CPU
		{1A9352E6-477F-4527-90CE-01FD6A2FD352}.Release|Any CPU.Build.0 = Release|Any CPU
	EndGlobalSection
	GlobalSection(SolutionProperties) = preSolution
		HideSolutionNode = FALSE
	EndGlobalSection
	GlobalSection(ExtensibilityGlobals) = postSolution
		SolutionGuid = {7EB33726-A1EF-40F3-A16D-00C9427826CC}
	EndGlobalSection
EndGlobal
